{
    "_readme": [
        "This file locks the dependencies of your project to a known state",
        "Read more about it at https://getcomposer.org/doc/01-basic-usage.md#installing-dependencies",
        "This file is @generated automatically"
    ],
    "content-hash": "da0bda538a210d7bf1dcd1fd24fdfefc",
    "packages": [
        {
            "name": "sdotbertoli/utils",
            "version": "v1.0.0",
            "source": {
                "type": "git",
                "url": "https://github.com/sdotbertoli/utils.git",
                "reference": "5725de4e34ca84a5069ab4cb4e70ab883c2c322b"
            },
            "dist": {
                "type": "zip",
                "url": "https://api.github.com/repos/sdotbertoli/utils/zipball/5725de4e34ca84a5069ab4cb4e70ab883c2c322b",
                "reference": "5725de4e34ca84a5069ab4cb4e70ab883c2c322b",
                "shasum": ""
            },
            "require": {
                "php": "^7.1"
            },
            "type": "library",
            "autoload": {
                "psr-4": {
                    "Utils\\": "src/Utils"
                }
            },
            "notification-url": "https://packagist.org/downloads/",
            "license": [
                "mit"
            ],
            "authors": [
                {
                    "name": "Stefano Bertoli",
                    "email": "s.bertoli@ictec.it"
                }
            ],
            "description": "Utils for projects",
            "time": "2019-08-26T11:13:39+00:00"
        }
    ],
    "packages-dev": [],
    "aliases": [],
    "minimum-stability": "stable",
    "stability-flags": [],
    "prefer-stable": false,
    "prefer-lowest": false,
    "platform": {
        "php": "^7.1"
    },
    "platform-dev": []
}
