{
    "_readme": [
        "This file locks the dependencies of your project to a known state",
        "Read more about it at https://getcomposer.org/doc/01-basic-usage.md#installing-dependencies",
        "This file is @generated automatically"
    ],
    "content-hash": "84b8b1d0e8238b8b9fc13849c1c661a0",
    "packages": [
        {
            "name": "sdotb/utils",
            "version": "1.1.0",
            "source": {
                "type": "git",
                "url": "https://github.com/sdotb/utils.git",
                "reference": "121844da1ea21b5707483fd9dd261558a95359e9"
            },
            "dist": {
                "type": "zip",
                "url": "https://api.github.com/repos/sdotb/utils/zipball/121844da1ea21b5707483fd9dd261558a95359e9",
                "reference": "121844da1ea21b5707483fd9dd261558a95359e9",
                "shasum": ""
            },
            "require": {
                "php": "^7.3"
            },
            "type": "library",
            "autoload": {
                "psr-4": {
                    "SdotB\\Utils\\": "src/Utils"
                }
            },
            "notification-url": "https://packagist.org/downloads/",
            "license": [
                "MIT"
            ],
            "authors": [
                {
                    "name": "Stefano Bertoli",
                    "email": "s.bertoli@ictec.it"
                }
            ],
            "description": "Utils for projects",
            "time": "2019-12-02T17:44:34+00:00"
        }
    ],
    "packages-dev": [],
    "aliases": [],
    "minimum-stability": "stable",
    "stability-flags": [],
    "prefer-stable": false,
    "prefer-lowest": false,
    "platform": {
        "php": "^7.3"
    },
    "platform-dev": []
}
